// !$*UTF8*$!
{
	archiveVersion = 1;
	classes = {
	};
	objectVersion = 52;
	objects = {

/* Begin PBXAggregateTarget section */
		D69218D1241DD50500A888D4 /* Sourcery */ = {
			isa = PBXAggregateTarget;
			buildConfigurationList = D69218D2241DD50500A888D4 /* Build configuration list for PBXAggregateTarget "Sourcery" */;
			buildPhases = (
				D69218D5241DD51000A888D4 /* Sourcery */,
			);
			dependencies = (
			);
			name = Sourcery;
			productName = Sourcery;
		};
/* End PBXAggregateTarget section */

/* Begin PBXBuildFile section */
		D6414F5D241EFC84004F4A9F /* MultipeerConnectivity.framework in Frameworks */ = {isa = PBXBuildFile; fileRef = D6414F5C241EFC84004F4A9F /* MultipeerConnectivity.framework */; };
		D64C382F241D6705008D470F /* TypeErase.generated.abstract.swift in Sources */ = {isa = PBXBuildFile; fileRef = D64C382D241D6704008D470F /* TypeErase.generated.abstract.swift */; };
		D64C3831241D677D008D470F /* EnumCodable.generated.swift in Sources */ = {isa = PBXBuildFile; fileRef = D64C3830241D677C008D470F /* EnumCodable.generated.swift */; };
		D64C3833241D67C1008D470F /* Prism.generated.swift in Sources */ = {isa = PBXBuildFile; fileRef = D64C3832241D67C1008D470F /* Prism.generated.swift */; };
		D658A7C1241DEE280093EEA1 /* MonitoredAppMiddleware in Frameworks */ = {isa = PBXBuildFile; productRef = D658A7C0241DEE280093EEA1 /* MonitoredAppMiddleware */; };
		D66BF723242181A3001AB807 /* MultipeerCombine in Frameworks */ = {isa = PBXBuildFile; productRef = D66BF722242181A3001AB807 /* MultipeerCombine */; };
		D66BF725242181A3001AB807 /* MultipeerMiddleware in Frameworks */ = {isa = PBXBuildFile; productRef = D66BF724242181A3001AB807 /* MultipeerMiddleware */; };
		D69995EE2453C4A50001A57E /* CombineRex in Frameworks */ = {isa = PBXBuildFile; productRef = D69995ED2453C4A50001A57E /* CombineRex */; };
		D69995F12453C6FD0001A57E /* LoggerMiddleware in Frameworks */ = {isa = PBXBuildFile; productRef = D69995F02453C6FD0001A57E /* LoggerMiddleware */; };
		D69ED03323EB8602002C1FDB /* AppDelegate.swift in Sources */ = {isa = PBXBuildFile; fileRef = D69ED03223EB8602002C1FDB /* AppDelegate.swift */; };
		D69ED03523EB8602002C1FDB /* ContentView.swift in Sources */ = {isa = PBXBuildFile; fileRef = D69ED03423EB8602002C1FDB /* ContentView.swift */; };
		D69ED03723EB8603002C1FDB /* Assets.xcassets in Resources */ = {isa = PBXBuildFile; fileRef = D69ED03623EB8603002C1FDB /* Assets.xcassets */; };
		D69ED03A23EB8603002C1FDB /* Preview Assets.xcassets in Resources */ = {isa = PBXBuildFile; fileRef = D69ED03923EB8603002C1FDB /* Preview Assets.xcassets */; };
		D69ED03D23EB8603002C1FDB /* Main.storyboard in Resources */ = {isa = PBXBuildFile; fileRef = D69ED03B23EB8603002C1FDB /* Main.storyboard */; };
		D6C404DF2456193D0053BE93 /* Store.swift in Sources */ = {isa = PBXBuildFile; fileRef = D6C404DD2456193D0053BE93 /* Store.swift */; };
		D6C404E02456193D0053BE93 /* World.swift in Sources */ = {isa = PBXBuildFile; fileRef = D6C404DE2456193D0053BE93 /* World.swift */; };
		D6C404E2245619740053BE93 /* SwiftRexMonitorEngine in Frameworks */ = {isa = PBXBuildFile; productRef = D6C404E1245619740053BE93 /* SwiftRexMonitorEngine */; };
		D6C404E624561F470053BE93 /* AppState.swift in Sources */ = {isa = PBXBuildFile; fileRef = D6C404E524561F470053BE93 /* AppState.swift */; };
		D6C404E824561F920053BE93 /* AppAction.swift in Sources */ = {isa = PBXBuildFile; fileRef = D6C404E724561F920053BE93 /* AppAction.swift */; };
/* End PBXBuildFile section */

/* Begin PBXFileReference section */
		D6414F5C241EFC84004F4A9F /* MultipeerConnectivity.framework */ = {isa = PBXFileReference; lastKnownFileType = wrapper.framework; name = MultipeerConnectivity.framework; path = System/Library/Frameworks/MultipeerConnectivity.framework; sourceTree = SDKROOT; };
		D64C382C241D6704008D470F /* AutoMockable.generated.swift */ = {isa = PBXFileReference; fileEncoding = 4; lastKnownFileType = sourcecode.swift; path = AutoMockable.generated.swift; sourceTree = "<group>"; };
		D64C382D241D6704008D470F /* TypeErase.generated.abstract.swift */ = {isa = PBXFileReference; fileEncoding = 4; lastKnownFileType = sourcecode.swift; path = TypeErase.generated.abstract.swift; sourceTree = "<group>"; };
		D64C3830241D677C008D470F /* EnumCodable.generated.swift */ = {isa = PBXFileReference; fileEncoding = 4; lastKnownFileType = sourcecode.swift; path = EnumCodable.generated.swift; sourceTree = "<group>"; };
		D64C3832241D67C1008D470F /* Prism.generated.swift */ = {isa = PBXFileReference; fileEncoding = 4; lastKnownFileType = sourcecode.swift; path = Prism.generated.swift; sourceTree = "<group>"; };
		D658A7BF241DEBC00093EEA1 /* MonitoredAppMiddleware */ = {isa = PBXFileReference; lastKnownFileType = folder; path = MonitoredAppMiddleware; sourceTree = "<group>"; };
		D698B165245616DD000A1566 /* SwiftRexMonitorEngine */ = {isa = PBXFileReference; lastKnownFileType = folder; path = SwiftRexMonitorEngine; sourceTree = "<group>"; };
		D69ED02F23EB8602002C1FDB /* SwiftRexMonitor.app */ = {isa = PBXFileReference; explicitFileType = wrapper.application; includeInIndex = 0; path = SwiftRexMonitor.app; sourceTree = BUILT_PRODUCTS_DIR; };
		D69ED03223EB8602002C1FDB /* AppDelegate.swift */ = {isa = PBXFileReference; lastKnownFileType = sourcecode.swift; path = AppDelegate.swift; sourceTree = "<group>"; };
		D69ED03423EB8602002C1FDB /* ContentView.swift */ = {isa = PBXFileReference; lastKnownFileType = sourcecode.swift; path = ContentView.swift; sourceTree = "<group>"; };
		D69ED03623EB8603002C1FDB /* Assets.xcassets */ = {isa = PBXFileReference; lastKnownFileType = folder.assetcatalog; path = Assets.xcassets; sourceTree = "<group>"; };
		D69ED03923EB8603002C1FDB /* Preview Assets.xcassets */ = {isa = PBXFileReference; lastKnownFileType = folder.assetcatalog; path = "Preview Assets.xcassets"; sourceTree = "<group>"; };
		D69ED03C23EB8603002C1FDB /* Base */ = {isa = PBXFileReference; lastKnownFileType = file.storyboard; name = Base; path = Base.lproj/Main.storyboard; sourceTree = "<group>"; };
		D69ED03E23EB8603002C1FDB /* Info.plist */ = {isa = PBXFileReference; lastKnownFileType = text.plist.xml; path = Info.plist; sourceTree = "<group>"; };
		D69ED03F23EB8603002C1FDB /* SwiftRexMonitor.entitlements */ = {isa = PBXFileReference; lastKnownFileType = text.plist.entitlements; path = SwiftRexMonitor.entitlements; sourceTree = "<group>"; };
		D6C404DD2456193D0053BE93 /* Store.swift */ = {isa = PBXFileReference; fileEncoding = 4; lastKnownFileType = sourcecode.swift; path = Store.swift; sourceTree = "<group>"; };
		D6C404DE2456193D0053BE93 /* World.swift */ = {isa = PBXFileReference; fileEncoding = 4; lastKnownFileType = sourcecode.swift; path = World.swift; sourceTree = "<group>"; };
		D6C404E524561F470053BE93 /* AppState.swift */ = {isa = PBXFileReference; lastKnownFileType = sourcecode.swift; path = AppState.swift; sourceTree = "<group>"; };
		D6C404E724561F920053BE93 /* AppAction.swift */ = {isa = PBXFileReference; lastKnownFileType = sourcecode.swift; path = AppAction.swift; sourceTree = "<group>"; };
/* End PBXFileReference section */

/* Begin PBXFrameworksBuildPhase section */
		D69ED02C23EB8602002C1FDB /* Frameworks */ = {
			isa = PBXFrameworksBuildPhase;
			buildActionMask = 2147483647;
			files = (
				D66BF723242181A3001AB807 /* MultipeerCombine in Frameworks */,
				D6414F5D241EFC84004F4A9F /* MultipeerConnectivity.framework in Frameworks */,
				D658A7C1241DEE280093EEA1 /* MonitoredAppMiddleware in Frameworks */,
				D69995EE2453C4A50001A57E /* CombineRex in Frameworks */,
				D6C404E2245619740053BE93 /* SwiftRexMonitorEngine in Frameworks */,
				D69995F12453C6FD0001A57E /* LoggerMiddleware in Frameworks */,
				D66BF725242181A3001AB807 /* MultipeerMiddleware in Frameworks */,
			);
			runOnlyForDeploymentPostprocessing = 0;
		};
/* End PBXFrameworksBuildPhase section */

/* Begin PBXGroup section */
		D64C382B241D6704008D470F /* CodeGen */ = {
			isa = PBXGroup;
			children = (
				D64C382C241D6704008D470F /* AutoMockable.generated.swift */,
				D64C3830241D677C008D470F /* EnumCodable.generated.swift */,
				D64C3832241D67C1008D470F /* Prism.generated.swift */,
				D64C382D241D6704008D470F /* TypeErase.generated.abstract.swift */,
			);
			path = CodeGen;
			sourceTree = "<group>";
		};
		D64C3841241D9B9D008D470F /* Frameworks */ = {
			isa = PBXGroup;
			children = (
				D6414F5C241EFC84004F4A9F /* MultipeerConnectivity.framework */,
			);
			name = Frameworks;
			sourceTree = "<group>";
		};
		D69ED02623EB8602002C1FDB = {
			isa = PBXGroup;
			children = (
				D658A7BF241DEBC00093EEA1 /* MonitoredAppMiddleware */,
				D698B165245616DD000A1566 /* SwiftRexMonitorEngine */,
				D69ED03123EB8602002C1FDB /* SwiftRexMonitor */,
				D69ED03023EB8602002C1FDB /* Products */,
				D64C3841241D9B9D008D470F /* Frameworks */,
			);
			sourceTree = "<group>";
		};
		D69ED03023EB8602002C1FDB /* Products */ = {
			isa = PBXGroup;
			children = (
				D69ED02F23EB8602002C1FDB /* SwiftRexMonitor.app */,
			);
			name = Products;
			sourceTree = "<group>";
		};
		D69ED03123EB8602002C1FDB /* SwiftRexMonitor */ = {
			isa = PBXGroup;
			children = (
				D69ED05A23EB8C09002C1FDB /* Bootstrap */,
				D64C382B241D6704008D470F /* CodeGen */,
				D6C404E324561F210053BE93 /* Redux */,
				D69ED06523EB905A002C1FDB /* Views */,
			);
			path = SwiftRexMonitor;
			sourceTree = "<group>";
		};
		D69ED03823EB8603002C1FDB /* Preview Content */ = {
			isa = PBXGroup;
			children = (
				D69ED03923EB8603002C1FDB /* Preview Assets.xcassets */,
			);
			path = "Preview Content";
			sourceTree = "<group>";
		};
		D69ED05A23EB8C09002C1FDB /* Bootstrap */ = {
			isa = PBXGroup;
			children = (
				D69ED03823EB8603002C1FDB /* Preview Content */,
				D69ED03223EB8602002C1FDB /* AppDelegate.swift */,
				D69ED03623EB8603002C1FDB /* Assets.xcassets */,
				D69ED03E23EB8603002C1FDB /* Info.plist */,
				D69ED03B23EB8603002C1FDB /* Main.storyboard */,
				D69ED03F23EB8603002C1FDB /* SwiftRexMonitor.entitlements */,
			);
			path = Bootstrap;
			sourceTree = "<group>";
		};
		D69ED06523EB905A002C1FDB /* Views */ = {
			isa = PBXGroup;
			children = (
				D69ED03423EB8602002C1FDB /* ContentView.swift */,
			);
			path = Views;
			sourceTree = "<group>";
		};
		D6C404DC2456193D0053BE93 /* Service */ = {
			isa = PBXGroup;
			children = (
				D6C404DD2456193D0053BE93 /* Store.swift */,
				D6C404DE2456193D0053BE93 /* World.swift */,
			);
			path = Service;
			sourceTree = "<group>";
		};
		D6C404E324561F210053BE93 /* Redux */ = {
			isa = PBXGroup;
			children = (
				D6C404E424561F370053BE93 /* Model */,
				D6C404DC2456193D0053BE93 /* Service */,
			);
			path = Redux;
			sourceTree = "<group>";
		};
		D6C404E424561F370053BE93 /* Model */ = {
			isa = PBXGroup;
			children = (
				D6C404E724561F920053BE93 /* AppAction.swift */,
				D6C404E524561F470053BE93 /* AppState.swift */,
			);
			path = Model;
			sourceTree = "<group>";
		};
/* End PBXGroup section */

/* Begin PBXNativeTarget section */
		D69ED02E23EB8602002C1FDB /* SwiftRexMonitor */ = {
			isa = PBXNativeTarget;
			buildConfigurationList = D69ED04223EB8603002C1FDB /* Build configuration list for PBXNativeTarget "SwiftRexMonitor" */;
			buildPhases = (
				D64C3829241D61EF008D470F /* SwiftLint */,
				D69ED02B23EB8602002C1FDB /* Sources */,
				D69ED02C23EB8602002C1FDB /* Frameworks */,
				D69ED02D23EB8602002C1FDB /* Resources */,
			);
			buildRules = (
			);
			dependencies = (
			);
			name = SwiftRexMonitor;
			packageProductDependencies = (
				D658A7C0241DEE280093EEA1 /* MonitoredAppMiddleware */,
				D66BF722242181A3001AB807 /* MultipeerCombine */,
				D66BF724242181A3001AB807 /* MultipeerMiddleware */,
				D69995ED2453C4A50001A57E /* CombineRex */,
				D69995F02453C6FD0001A57E /* LoggerMiddleware */,
				D6C404E1245619740053BE93 /* SwiftRexMonitorEngine */,
			);
			productName = SwiftRexMonitor;
			productReference = D69ED02F23EB8602002C1FDB /* SwiftRexMonitor.app */;
			productType = "com.apple.product-type.application";
		};
/* End PBXNativeTarget section */

/* Begin PBXProject section */
		D69ED02723EB8602002C1FDB /* Project object */ = {
			isa = PBXProject;
			attributes = {
				LastSwiftUpdateCheck = 1130;
				LastUpgradeCheck = 1140;
				ORGANIZATIONNAME = DeveloperCity;
				TargetAttributes = {
					D69218D1241DD50500A888D4 = {
						CreatedOnToolsVersion = 11.4;
					};
					D69ED02E23EB8602002C1FDB = {
						CreatedOnToolsVersion = 11.3;
					};
				};
			};
			buildConfigurationList = D69ED02A23EB8602002C1FDB /* Build configuration list for PBXProject "SwiftRexMonitor" */;
			compatibilityVersion = "Xcode 9.3";
			developmentRegion = en;
			hasScannedForEncodings = 0;
			knownRegions = (
				en,
				Base,
			);
			mainGroup = D69ED02623EB8602002C1FDB;
			packageReferences = (
				D66BF721242180E8001AB807 /* XCRemoteSwiftPackageReference "MultipeerMiddleware" */,
				D69995EC2453C4A50001A57E /* XCRemoteSwiftPackageReference "SwiftRex" */,
				D69995EF2453C6FD0001A57E /* XCRemoteSwiftPackageReference "LoggerMiddleware" */,
			);
			productRefGroup = D69ED03023EB8602002C1FDB /* Products */;
			projectDirPath = "";
			projectRoot = "";
			targets = (
				D69ED02E23EB8602002C1FDB /* SwiftRexMonitor */,
				D69218D1241DD50500A888D4 /* Sourcery */,
			);
		};
/* End PBXProject section */

/* Begin PBXResourcesBuildPhase section */
		D69ED02D23EB8602002C1FDB /* Resources */ = {
			isa = PBXResourcesBuildPhase;
			buildActionMask = 2147483647;
			files = (
				D69ED03D23EB8603002C1FDB /* Main.storyboard in Resources */,
				D69ED03A23EB8603002C1FDB /* Preview Assets.xcassets in Resources */,
				D69ED03723EB8603002C1FDB /* Assets.xcassets in Resources */,
			);
			runOnlyForDeploymentPostprocessing = 0;
		};
/* End PBXResourcesBuildPhase section */

/* Begin PBXShellScriptBuildPhase section */
		D64C3829241D61EF008D470F /* SwiftLint */ = {
			isa = PBXShellScriptBuildPhase;
			buildActionMask = 2147483647;
			files = (
			);
			inputFileListPaths = (
			);
			inputPaths = (
			);
			name = SwiftLint;
			outputFileListPaths = (
			);
			outputPaths = (
			);
			runOnlyForDeploymentPostprocessing = 0;
			shellPath = /bin/sh;
			shellScript = "Tools/swiftlint lint --config ${PROJECT_DIR}/.swiftlint.yml\n";
		};
		D69218D5241DD51000A888D4 /* Sourcery */ = {
			isa = PBXShellScriptBuildPhase;
			buildActionMask = 2147483647;
			files = (
			);
			inputFileListPaths = (
			);
			inputPaths = (
			);
			name = Sourcery;
			outputFileListPaths = (
			);
			outputPaths = (
			);
			runOnlyForDeploymentPostprocessing = 0;
			shellPath = /bin/sh;
			shellScript = "cd $PROJECT_DIR/MonitoredAppMiddleware/Sources/MonitoredAppMiddleware && ../../../Tools/sourcery\ncd $PROJECT_DIR/SwiftRexMonitorEngine/Sources/SwiftRexMonitorEngine && ../../../Tools/sourcery\ncd $PROJECT_DIR/SwiftRexMonitor && ../Tools/sourcery\n";
		};
/* End PBXShellScriptBuildPhase section */

/* Begin PBXSourcesBuildPhase section */
		D69ED02B23EB8602002C1FDB /* Sources */ = {
			isa = PBXSourcesBuildPhase;
			buildActionMask = 2147483647;
			files = (
				D69ED03523EB8602002C1FDB /* ContentView.swift in Sources */,
				D69ED03323EB8602002C1FDB /* AppDelegate.swift in Sources */,
				D64C3831241D677D008D470F /* EnumCodable.generated.swift in Sources */,
				D6C404E624561F470053BE93 /* AppState.swift in Sources */,
				D6C404E824561F920053BE93 /* AppAction.swift in Sources */,
				D6C404DF2456193D0053BE93 /* Store.swift in Sources */,
				D64C382F241D6705008D470F /* TypeErase.generated.abstract.swift in Sources */,
				D6C404E02456193D0053BE93 /* World.swift in Sources */,
				D64C3833241D67C1008D470F /* Prism.generated.swift in Sources */,
			);
			runOnlyForDeploymentPostprocessing = 0;
		};
/* End PBXSourcesBuildPhase section */

/* Begin PBXVariantGroup section */
		D69ED03B23EB8603002C1FDB /* Main.storyboard */ = {
			isa = PBXVariantGroup;
			children = (
				D69ED03C23EB8603002C1FDB /* Base */,
			);
			name = Main.storyboard;
			sourceTree = "<group>";
		};
/* End PBXVariantGroup section */

/* Begin XCBuildConfiguration section */
		D69218D3241DD50500A888D4 /* Debug */ = {
			isa = XCBuildConfiguration;
			buildSettings = {
				CODE_SIGN_STYLE = Automatic;
				DEVELOPMENT_TEAM = 7BK8NL3DYL;
				PRODUCT_NAME = "$(TARGET_NAME)";
			};
			name = Debug;
		};
		D69218D4241DD50500A888D4 /* Release */ = {
			isa = XCBuildConfiguration;
			buildSettings = {
				CODE_SIGN_STYLE = Automatic;
				DEVELOPMENT_TEAM = 7BK8NL3DYL;
				PRODUCT_NAME = "$(TARGET_NAME)";
			};
			name = Release;
		};
		D69ED04023EB8603002C1FDB /* Debug */ = {
			isa = XCBuildConfiguration;
			buildSettings = {
				ALWAYS_SEARCH_USER_PATHS = NO;
				CLANG_ANALYZER_NONNULL = YES;
				CLANG_ANALYZER_NUMBER_OBJECT_CONVERSION = YES_AGGRESSIVE;
				CLANG_CXX_LANGUAGE_STANDARD = "gnu++14";
				CLANG_CXX_LIBRARY = "libc++";
				CLANG_ENABLE_MODULES = YES;
				CLANG_ENABLE_OBJC_ARC = YES;
				CLANG_ENABLE_OBJC_WEAK = YES;
				CLANG_WARN_BLOCK_CAPTURE_AUTORELEASING = YES;
				CLANG_WARN_BOOL_CONVERSION = YES;
				CLANG_WARN_COMMA = YES;
				CLANG_WARN_CONSTANT_CONVERSION = YES;
				CLANG_WARN_DEPRECATED_OBJC_IMPLEMENTATIONS = YES;
				CLANG_WARN_DIRECT_OBJC_ISA_USAGE = YES_ERROR;
				CLANG_WARN_DOCUMENTATION_COMMENTS = YES;
				CLANG_WARN_EMPTY_BODY = YES;
				CLANG_WARN_ENUM_CONVERSION = YES;
				CLANG_WARN_INFINITE_RECURSION = YES;
				CLANG_WARN_INT_CONVERSION = YES;
				CLANG_WARN_NON_LITERAL_NULL_CONVERSION = YES;
				CLANG_WARN_OBJC_IMPLICIT_RETAIN_SELF = YES;
				CLANG_WARN_OBJC_LITERAL_CONVERSION = YES;
				CLANG_WARN_OBJC_ROOT_CLASS = YES_ERROR;
				CLANG_WARN_RANGE_LOOP_ANALYSIS = YES;
				CLANG_WARN_STRICT_PROTOTYPES = YES;
				CLANG_WARN_SUSPICIOUS_MOVE = YES;
				CLANG_WARN_UNGUARDED_AVAILABILITY = YES_AGGRESSIVE;
				CLANG_WARN_UNREACHABLE_CODE = YES;
				CLANG_WARN__DUPLICATE_METHOD_MATCH = YES;
				COPY_PHASE_STRIP = NO;
				DEBUG_INFORMATION_FORMAT = dwarf;
				ENABLE_STRICT_OBJC_MSGSEND = YES;
				ENABLE_TESTABILITY = YES;
				GCC_C_LANGUAGE_STANDARD = gnu11;
				GCC_DYNAMIC_NO_PIC = NO;
				GCC_NO_COMMON_BLOCKS = YES;
				GCC_OPTIMIZATION_LEVEL = 0;
				GCC_PREPROCESSOR_DEFINITIONS = (
					"DEBUG=1",
					"$(inherited)",
				);
				GCC_WARN_64_TO_32_BIT_CONVERSION = YES;
				GCC_WARN_ABOUT_RETURN_TYPE = YES_ERROR;
				GCC_WARN_UNDECLARED_SELECTOR = YES;
				GCC_WARN_UNINITIALIZED_AUTOS = YES_AGGRESSIVE;
				GCC_WARN_UNUSED_FUNCTION = YES;
				GCC_WARN_UNUSED_VARIABLE = YES;
				MACOSX_DEPLOYMENT_TARGET = 10.15;
				MTL_ENABLE_DEBUG_INFO = INCLUDE_SOURCE;
				MTL_FAST_MATH = YES;
				ONLY_ACTIVE_ARCH = YES;
				SDKROOT = macosx;
				SWIFT_ACTIVE_COMPILATION_CONDITIONS = DEBUG;
				SWIFT_OPTIMIZATION_LEVEL = "-Onone";
			};
			name = Debug;
		};
		D69ED04123EB8603002C1FDB /* Release */ = {
			isa = XCBuildConfiguration;
			buildSettings = {
				ALWAYS_SEARCH_USER_PATHS = NO;
				CLANG_ANALYZER_NONNULL = YES;
				CLANG_ANALYZER_NUMBER_OBJECT_CONVERSION = YES_AGGRESSIVE;
				CLANG_CXX_LANGUAGE_STANDARD = "gnu++14";
				CLANG_CXX_LIBRARY = "libc++";
				CLANG_ENABLE_MODULES = YES;
				CLANG_ENABLE_OBJC_ARC = YES;
				CLANG_ENABLE_OBJC_WEAK = YES;
				CLANG_WARN_BLOCK_CAPTURE_AUTORELEASING = YES;
				CLANG_WARN_BOOL_CONVERSION = YES;
				CLANG_WARN_COMMA = YES;
				CLANG_WARN_CONSTANT_CONVERSION = YES;
				CLANG_WARN_DEPRECATED_OBJC_IMPLEMENTATIONS = YES;
				CLANG_WARN_DIRECT_OBJC_ISA_USAGE = YES_ERROR;
				CLANG_WARN_DOCUMENTATION_COMMENTS = YES;
				CLANG_WARN_EMPTY_BODY = YES;
				CLANG_WARN_ENUM_CONVERSION = YES;
				CLANG_WARN_INFINITE_RECURSION = YES;
				CLANG_WARN_INT_CONVERSION = YES;
				CLANG_WARN_NON_LITERAL_NULL_CONVERSION = YES;
				CLANG_WARN_OBJC_IMPLICIT_RETAIN_SELF = YES;
				CLANG_WARN_OBJC_LITERAL_CONVERSION = YES;
				CLANG_WARN_OBJC_ROOT_CLASS = YES_ERROR;
				CLANG_WARN_RANGE_LOOP_ANALYSIS = YES;
				CLANG_WARN_STRICT_PROTOTYPES = YES;
				CLANG_WARN_SUSPICIOUS_MOVE = YES;
				CLANG_WARN_UNGUARDED_AVAILABILITY = YES_AGGRESSIVE;
				CLANG_WARN_UNREACHABLE_CODE = YES;
				CLANG_WARN__DUPLICATE_METHOD_MATCH = YES;
				COPY_PHASE_STRIP = NO;
				DEBUG_INFORMATION_FORMAT = "dwarf-with-dsym";
				ENABLE_NS_ASSERTIONS = NO;
				ENABLE_STRICT_OBJC_MSGSEND = YES;
				GCC_C_LANGUAGE_STANDARD = gnu11;
				GCC_NO_COMMON_BLOCKS = YES;
				GCC_WARN_64_TO_32_BIT_CONVERSION = YES;
				GCC_WARN_ABOUT_RETURN_TYPE = YES_ERROR;
				GCC_WARN_UNDECLARED_SELECTOR = YES;
				GCC_WARN_UNINITIALIZED_AUTOS = YES_AGGRESSIVE;
				GCC_WARN_UNUSED_FUNCTION = YES;
				GCC_WARN_UNUSED_VARIABLE = YES;
				MACOSX_DEPLOYMENT_TARGET = 10.15;
				MTL_ENABLE_DEBUG_INFO = NO;
				MTL_FAST_MATH = YES;
				SDKROOT = macosx;
				SWIFT_COMPILATION_MODE = wholemodule;
				SWIFT_OPTIMIZATION_LEVEL = "-O";
			};
			name = Release;
		};
		D69ED04323EB8603002C1FDB /* Debug */ = {
			isa = XCBuildConfiguration;
			buildSettings = {
				ASSETCATALOG_COMPILER_APPICON_NAME = AppIcon;
				CODE_SIGN_ENTITLEMENTS = SwiftRexMonitor/Bootstrap/SwiftRexMonitor.entitlements;
				CODE_SIGN_IDENTITY = "-";
				CODE_SIGN_STYLE = Automatic;
				COMBINE_HIDPI_IMAGES = YES;
				DEVELOPMENT_ASSET_PATHS = "\"SwiftRexMonitor/Bootstrap/Preview Content\"";
				DEVELOPMENT_TEAM = 7BK8NL3DYL;
				ENABLE_HARDENED_RUNTIME = YES;
				ENABLE_PREVIEWS = YES;
				INFOPLIST_FILE = SwiftRexMonitor/Bootstrap/Info.plist;
				LD_RUNPATH_SEARCH_PATHS = (
					"$(inherited)",
					"@executable_path/../Frameworks",
				);
				MACOSX_DEPLOYMENT_TARGET = 10.15;
				PRODUCT_BUNDLE_IDENTIFIER = de.developercity.SwiftRexMonitor;
				PRODUCT_NAME = "$(TARGET_NAME)";
				SWIFT_VERSION = 5.0;
			};
			name = Debug;
		};
		D69ED04423EB8603002C1FDB /* Release */ = {
			isa = XCBuildConfiguration;
			buildSettings = {
				ASSETCATALOG_COMPILER_APPICON_NAME = AppIcon;
				CODE_SIGN_ENTITLEMENTS = SwiftRexMonitor/Bootstrap/SwiftRexMonitor.entitlements;
				CODE_SIGN_IDENTITY = "-";
				CODE_SIGN_STYLE = Automatic;
				COMBINE_HIDPI_IMAGES = YES;
				DEVELOPMENT_ASSET_PATHS = "\"SwiftRexMonitor/Bootstrap/Preview Content\"";
				DEVELOPMENT_TEAM = 7BK8NL3DYL;
				ENABLE_HARDENED_RUNTIME = YES;
				ENABLE_PREVIEWS = YES;
				INFOPLIST_FILE = SwiftRexMonitor/Bootstrap/Info.plist;
				LD_RUNPATH_SEARCH_PATHS = (
					"$(inherited)",
					"@executable_path/../Frameworks",
				);
				MACOSX_DEPLOYMENT_TARGET = 10.15;
				PRODUCT_BUNDLE_IDENTIFIER = de.developercity.SwiftRexMonitor;
				PRODUCT_NAME = "$(TARGET_NAME)";
				SWIFT_VERSION = 5.0;
			};
			name = Release;
		};
/* End XCBuildConfiguration section */

/* Begin XCConfigurationList section */
		D69218D2241DD50500A888D4 /* Build configuration list for PBXAggregateTarget "Sourcery" */ = {
			isa = XCConfigurationList;
			buildConfigurations = (
				D69218D3241DD50500A888D4 /* Debug */,
				D69218D4241DD50500A888D4 /* Release */,
			);
			defaultConfigurationIsVisible = 0;
			defaultConfigurationName = Release;
		};
		D69ED02A23EB8602002C1FDB /* Build configuration list for PBXProject "SwiftRexMonitor" */ = {
			isa = XCConfigurationList;
			buildConfigurations = (
				D69ED04023EB8603002C1FDB /* Debug */,
				D69ED04123EB8603002C1FDB /* Release */,
			);
			defaultConfigurationIsVisible = 0;
			defaultConfigurationName = Release;
		};
		D69ED04223EB8603002C1FDB /* Build configuration list for PBXNativeTarget "SwiftRexMonitor" */ = {
			isa = XCConfigurationList;
			buildConfigurations = (
				D69ED04323EB8603002C1FDB /* Debug */,
				D69ED04423EB8603002C1FDB /* Release */,
			);
			defaultConfigurationIsVisible = 0;
			defaultConfigurationName = Release;
		};
/* End XCConfigurationList section */

/* Begin XCRemoteSwiftPackageReference section */
		D66BF721242180E8001AB807 /* XCRemoteSwiftPackageReference "MultipeerMiddleware" */ = {
			isa = XCRemoteSwiftPackageReference;
			repositoryURL = "https://github.com/SwiftRex/MultipeerMiddleware.git";
			requirement = {
				branch = master;
				kind = branch;
			};
		};
		D69995EC2453C4A50001A57E /* XCRemoteSwiftPackageReference "SwiftRex" */ = {
			isa = XCRemoteSwiftPackageReference;
			repositoryURL = "https://github.com/SwiftRex/SwiftRex.git";
			requirement = {
				kind = upToNextMajorVersion;
				minimumVersion = 0.7.0;
			};
		};
		D69995EF2453C6FD0001A57E /* XCRemoteSwiftPackageReference "LoggerMiddleware" */ = {
			isa = XCRemoteSwiftPackageReference;
			repositoryURL = "https://github.com/SwiftRex/LoggerMiddleware.git";
			requirement = {
				branch = master;
				kind = branch;
			};
		};
/* End XCRemoteSwiftPackageReference section */

/* Begin XCSwiftPackageProductDependency section */
		D658A7C0241DEE280093EEA1 /* MonitoredAppMiddleware */ = {
			isa = XCSwiftPackageProductDependency;
			productName = MonitoredAppMiddleware;
		};
		D66BF722242181A3001AB807 /* MultipeerCombine */ = {
			isa = XCSwiftPackageProductDependency;
			package = D66BF721242180E8001AB807 /* XCRemoteSwiftPackageReference "MultipeerMiddleware" */;
			productName = MultipeerCombine;
		};
		D66BF724242181A3001AB807 /* MultipeerMiddleware */ = {
			isa = XCSwiftPackageProductDependency;
			package = D66BF721242180E8001AB807 /* XCRemoteSwiftPackageReference "MultipeerMiddleware" */;
			productName = MultipeerMiddleware;
		};
		D69995ED2453C4A50001A57E /* CombineRex */ = {
			isa = XCSwiftPackageProductDependency;
			package = D69995EC2453C4A50001A57E /* XCRemoteSwiftPackageReference "SwiftRex" */;
			productName = CombineRex;
		};
		D69995F02453C6FD0001A57E /* LoggerMiddleware */ = {
			isa = XCSwiftPackageProductDependency;
			package = D69995EF2453C6FD0001A57E /* XCRemoteSwiftPackageReference "LoggerMiddleware" */;
			productName = LoggerMiddleware;
		};
		D6C404E1245619740053BE93 /* SwiftRexMonitorEngine */ = {
			isa = XCSwiftPackageProductDependency;
			productName = SwiftRexMonitorEngine;
		};
/* End XCSwiftPackageProductDependency section */
	};
	rootObject = D69ED02723EB8602002C1FDB /* Project object */;
}
