{
  "object": {
    "pins": [
      {
        "package": "LoggerMiddleware",
        "repositoryURL": "https://github.com/SwiftRex/LoggerMiddleware.git",
        "state": {
          "branch": "master",
          "revision": "8b8a9e30a5fc39f320a5d42becfc987c29e961c2",
          "version": null
        }
      },
      {
        "package": "MultipeerMiddleware",
        "repositoryURL": "https://github.com/SwiftRex/MultipeerMiddleware.git",
        "state": {
          "branch": "master",
          "revision": "569ebc3fa4e4a6aa0f2fd467c82e1af317aca59e",
          "version": null
        }
      },
      {
        "package": "SwiftRex",
        "repositoryURL": "https://github.com/SwiftRex/SwiftRex.git",
        "state": {
          "branch": null,
          "revision": "c566d8cdc7364abc1ac533e576c354f2964cd9b8",
          "version": "0.7.0"
        }
      }
    ]
  },
  "version": 1
}
