{
  "object": {
    "pins": [
      {
        "package": "LoggerMiddleware",
        "repositoryURL": "https://github.com/SwiftRex/LoggerMiddleware.git",
        "state": {
          "branch": "master",
          "revision": "8b8a9e30a5fc39f320a5d42becfc987c29e961c2",
          "version": null
        }
      },
      {
        "package": "MultipeerMiddleware",
        "repositoryURL": "https://github.com/SwiftRex/MultipeerMiddleware.git",
        "state": {
          "branch": "master",
          "revision": "85ac9e4f5aa662107cd9c9052149f0532dd174dd",
          "version": null
        }
      },
      {
        "package": "CasePaths",
        "repositoryURL": "https://github.com/pointfreeco/swift-case-paths",
        "state": {
          "branch": null,
          "revision": "a9c1e05518b6d95cf5844d823020376f2b6ff842",
          "version": "0.1.0"
        }
      },
      {
        "package": "SnapshotTesting",
        "repositoryURL": "https://github.com/pointfreeco/swift-snapshot-testing.git",
        "state": {
          "branch": null,
          "revision": "114882386a815f4a2e6d8f2f7ee4857acd372438",
          "version": "1.7.2"
        }
      },
      {
        "package": "SwiftRex",
        "repositoryURL": "https://github.com/SwiftRex/SwiftRex.git",
        "state": {
          "branch": null,
          "revision": "c566d8cdc7364abc1ac533e576c354f2964cd9b8",
          "version": "0.7.0"
        }
      }
    ]
  },
  "version": 1
}
